
Microsoft Visual Studio Solution File, Format Version 12.00
# Visual Studio Version 16
VisualStudioVersion = 16.0.29306.81
MinimumVisualStudioVersion = 10.0.40219.1
Project("{FAE04EC0-301F-11D3-BF4B-00C04F79EFBC}") = "ItemRestService", "ItemRestService\ItemRestService.csproj", "{CD7E89B7-BD23-4D0D-B184-9001AA439BE3}"
EndProject
Global
	GlobalSection(SolutionConfigurationPlatforms) = preSolution
		Debug|Any CPU = Debug|Any CPU
		Release|Any CPU = Release|Any CPU
	EndGlobalSection
	GlobalSection(ProjectConfigurationPlatforms) = postSolution
		{CD7E89B7-BD23-4D0D-B184-9001AA439BE3}.Debug|Any CPU.ActiveCfg = Debug|Any CPU
		{CD7E89B7-BD23-4D0D-B184-9001AA439BE3}.Debug|Any CPU.Build.0 = Debug|Any CPU
		{CD7E89B7-BD23-4D0D-B184-9001AA439BE3}.Release|Any CPU.ActiveCfg = Release|Any CPU
		{CD7E89B7-BD23-4D0D-B184-9001AA439BE3}.Release|Any CPU.Build.0 = Release|Any CPU
	EndGlobalSection
	GlobalSection(SolutionProperties) = preSolution
		HideSolutionNode = FALSE
	EndGlobalSection
	GlobalSection(ExtensibilityGlobals) = postSolution
		SolutionGuid = {4A6496C2-16CC-442A-BE1F-B333A714E091}
	EndGlobalSection
EndGlobal
